
Microsoft Visual Studio Solution File, Format Version 12.00
# Visual Studio 2013
VisualStudioVersion = 12.0.30110.0
MinimumVisualStudioVersion = 10.0.40219.1
Project("{FAE04EC0-301F-11D3-BF4B-00C04F79EFBC}") = "Framework.Core", "Framework\Framework.Core.csproj", "{7BC9A7B9-EF66-4AC1-8498-C0FEB3C34547}"
EndProject
Project("{FAE04EC0-301F-11D3-BF4B-00C04F79EFBC}") = "Framework.Data", "Framework.Data\Framework.Data.csproj", "{02CF0FFE-8074-4A73-A9EC-88314BD34DC4}"
EndProject
Project("{FAE04EC0-301F-11D3-BF4B-00C04F79EFBC}") = "Framework.Web", "Framework.Web\Framework.Web.csproj", "{FF4662CD-115A-4AF1-82C0-0BA8D83B9DAF}"
EndProject
Project("{2150E333-8FDC-42A3-9474-1A3956D46DE8}") = "Solution Items", "Solution Items", "{0F17DCD4-8DD1-4EE6-8F67-19F418917296}"
	ProjectSection(SolutionItems) = preProject
		BaseAssemblyInfo.cs = BaseAssemblyInfo.cs
		Framework.vsmdi = Framework.vsmdi
		Local.testsettings = Local.testsettings
		TraceAndTestImpact.testsettings = TraceAndTestImpact.testsettings
	EndProjectSection
EndProject
Project("{2150E333-8FDC-42A3-9474-1A3956D46DE8}") = "TestProjects", "TestProjects", "{AC7C1413-815C-4717-9EE1-60A9AF8BB4A8}"
EndProject
Project("{FAE04EC0-301F-11D3-BF4B-00C04F79EFBC}") = "Framework.Tests", "Framework.Tests\Framework.Tests.csproj", "{CA0B2DE2-4154-4B5D-BAA2-FD435F9C9216}"
EndProject
Project("{FAE04EC0-301F-11D3-BF4B-00C04F79EFBC}") = "Framework.Data.Tests", "Framework.Data.Tests\Framework.Data.Tests.csproj", "{93A83DC6-EE68-4BB9-98E2-8869DD7C8AD3}"
EndProject
Project("{FAE04EC0-301F-11D3-BF4B-00C04F79EFBC}") = "Framework.Web.Tests", "Framework.Web.Tests\Framework.Web.Tests.csproj", "{E794806F-D4C9-424C-99E2-FE3F772689F8}"
EndProject
Global
	GlobalSection(SolutionConfigurationPlatforms) = preSolution
		Debug|Any CPU = Debug|Any CPU
		Release|Any CPU = Release|Any CPU
	EndGlobalSection
	GlobalSection(ProjectConfigurationPlatforms) = postSolution
		{7BC9A7B9-EF66-4AC1-8498-C0FEB3C34547}.Debug|Any CPU.ActiveCfg = Debug|Any CPU
		{7BC9A7B9-EF66-4AC1-8498-C0FEB3C34547}.Debug|Any CPU.Build.0 = Debug|Any CPU
		{7BC9A7B9-EF66-4AC1-8498-C0FEB3C34547}.Release|Any CPU.ActiveCfg = Release|Any CPU
		{7BC9A7B9-EF66-4AC1-8498-C0FEB3C34547}.Release|Any CPU.Build.0 = Release|Any CPU
		{02CF0FFE-8074-4A73-A9EC-88314BD34DC4}.Debug|Any CPU.ActiveCfg = Debug|Any CPU
		{02CF0FFE-8074-4A73-A9EC-88314BD34DC4}.Debug|Any CPU.Build.0 = Debug|Any CPU
		{02CF0FFE-8074-4A73-A9EC-88314BD34DC4}.Release|Any CPU.ActiveCfg = Release|Any CPU
		{02CF0FFE-8074-4A73-A9EC-88314BD34DC4}.Release|Any CPU.Build.0 = Release|Any CPU
		{02CF0FFE-8074-4A73-A9EC-88314BD34DC4}.Release|Any CPU.Deploy.0 = Release|Any CPU
		{FF4662CD-115A-4AF1-82C0-0BA8D83B9DAF}.Debug|Any CPU.ActiveCfg = Debug|Any CPU
		{FF4662CD-115A-4AF1-82C0-0BA8D83B9DAF}.Debug|Any CPU.Build.0 = Debug|Any CPU
		{FF4662CD-115A-4AF1-82C0-0BA8D83B9DAF}.Release|Any CPU.ActiveCfg = Release|Any CPU
		{FF4662CD-115A-4AF1-82C0-0BA8D83B9DAF}.Release|Any CPU.Build.0 = Release|Any CPU
		{CA0B2DE2-4154-4B5D-BAA2-FD435F9C9216}.Debug|Any CPU.ActiveCfg = Debug|Any CPU
		{CA0B2DE2-4154-4B5D-BAA2-FD435F9C9216}.Debug|Any CPU.Build.0 = Debug|Any CPU
		{CA0B2DE2-4154-4B5D-BAA2-FD435F9C9216}.Release|Any CPU.ActiveCfg = Release|Any CPU
		{CA0B2DE2-4154-4B5D-BAA2-FD435F9C9216}.Release|Any CPU.Build.0 = Release|Any CPU
		{93A83DC6-EE68-4BB9-98E2-8869DD7C8AD3}.Debug|Any CPU.ActiveCfg = Debug|Any CPU
		{93A83DC6-EE68-4BB9-98E2-8869DD7C8AD3}.Debug|Any CPU.Build.0 = Debug|Any CPU
		{93A83DC6-EE68-4BB9-98E2-8869DD7C8AD3}.Release|Any CPU.ActiveCfg = Release|Any CPU
		{93A83DC6-EE68-4BB9-98E2-8869DD7C8AD3}.Release|Any CPU.Build.0 = Release|Any CPU
		{E794806F-D4C9-424C-99E2-FE3F772689F8}.Debug|Any CPU.ActiveCfg = Debug|Any CPU
		{E794806F-D4C9-424C-99E2-FE3F772689F8}.Debug|Any CPU.Build.0 = Debug|Any CPU
		{E794806F-D4C9-424C-99E2-FE3F772689F8}.Release|Any CPU.ActiveCfg = Release|Any CPU
		{E794806F-D4C9-424C-99E2-FE3F772689F8}.Release|Any CPU.Build.0 = Release|Any CPU
	EndGlobalSection
	GlobalSection(SolutionProperties) = preSolution
		HideSolutionNode = FALSE
	EndGlobalSection
	GlobalSection(NestedProjects) = preSolution
		{CA0B2DE2-4154-4B5D-BAA2-FD435F9C9216} = {AC7C1413-815C-4717-9EE1-60A9AF8BB4A8}
		{93A83DC6-EE68-4BB9-98E2-8869DD7C8AD3} = {AC7C1413-815C-4717-9EE1-60A9AF8BB4A8}
		{E794806F-D4C9-424C-99E2-FE3F772689F8} = {AC7C1413-815C-4717-9EE1-60A9AF8BB4A8}
	EndGlobalSection
	GlobalSection(TestCaseManagementSettings) = postSolution
		CategoryFile = Framework.vsmdi
	EndGlobalSection
EndGlobal
